PODS:
  - Alamofire (4.8.2)
  - iOSDropDown (0.2.7)
  - IQKeyboardManagerSwift (6.2.1)
  - SnapKit (4.2.0)

DEPENDENCIES:
  - Alamofire
  - iOSDropDown
  - IQKeyboardManagerSwift
  - SnapKit

SPEC REPOS:
  https://github.com/cocoapods/specs.git:
    - Alamofire
    - iOSDropDown
    - IQKeyboardManagerSwift
    - SnapKit

SPEC CHECKSUMS:
  Alamofire: ae5c501addb7afdbb13687d7f2f722c78734c2d3
  iOSDropDown: 7a4cfc67d5166f319858747b63cd2f7760c4fb4b
  IQKeyboardManagerSwift: 0f0ae8935360b4003e6ea1ac7c19898f01e2f7c7
  SnapKit: fe8a619752f3f27075cc9a90244d75c6c3f27e2a

PODFILE CHECKSUM: ae3ab7369dd51d0bc1826f93e34737c1b2739526

COCOAPODS: 1.6.1
